// !$*UTF8*$!
{
	archiveVersion = 1;
	classes = {
	};
	objectVersion = 50;
	objects = {

/* Begin PBXBuildFile section */
		C442458F26AE77180002055B /* AppDelegate.swift in Sources */ = {isa = PBXBuildFile; fileRef = C442458E26AE77180002055B /* AppDelegate.swift */; };
		C442459126AE77180002055B /* SceneDelegate.swift in Sources */ = {isa = PBXBuildFile; fileRef = C442459026AE77180002055B /* SceneDelegate.swift */; };
		C442459626AE77180002055B /* Main.storyboard in Resources */ = {isa = PBXBuildFile; fileRef = C442459426AE77180002055B /* Main.storyboard */; };
		C442459826AE771D0002055B /* Assets.xcassets in Resources */ = {isa = PBXBuildFile; fileRef = C442459726AE771D0002055B /* Assets.xcassets */; };
		C442459B26AE771D0002055B /* LaunchScreen.storyboard in Resources */ = {isa = PBXBuildFile; fileRef = C442459926AE771D0002055B /* LaunchScreen.storyboard */; };
		C44245A626AE771E0002055B /* Homer_Memory_GameTests.swift in Sources */ = {isa = PBXBuildFile; fileRef = C44245A526AE771E0002055B /* Homer_Memory_GameTests.swift */; };
		C44245B126AE771E0002055B /* Homer_Memory_GameUITests.swift in Sources */ = {isa = PBXBuildFile; fileRef = C44245B026AE771E0002055B /* Homer_Memory_GameUITests.swift */; };
		C44245BF26AF0EB60002055B /* LobbyViewController.swift in Sources */ = {isa = PBXBuildFile; fileRef = C44245BE26AF0EB60002055B /* LobbyViewController.swift */; };
		C44245C526AF106B0002055B /* GridSize.swift in Sources */ = {isa = PBXBuildFile; fileRef = C44245C426AF106B0002055B /* GridSize.swift */; };
		C44245C726AF121F0002055B /* CardDeck.swift in Sources */ = {isa = PBXBuildFile; fileRef = C44245C626AF121F0002055B /* CardDeck.swift */; };
		C44245CB26AF18A30002055B /* CardData.swift in Sources */ = {isa = PBXBuildFile; fileRef = C44245CA26AF18A30002055B /* CardData.swift */; };
		C44245CD26AF57B80002055B /* GameplayViewController.swift in Sources */ = {isa = PBXBuildFile; fileRef = C44245CC26AF57B80002055B /* GameplayViewController.swift */; };
		C44245CF26AF5AF50002055B /* GameplayCollectionViewCell.swift in Sources */ = {isa = PBXBuildFile; fileRef = C44245CE26AF5AF50002055B /* GameplayCollectionViewCell.swift */; };
		C44245D126AF5B5E0002055B /* GamePlayCollectionViewFlowLayout.swift in Sources */ = {isa = PBXBuildFile; fileRef = C44245D026AF5B5E0002055B /* GamePlayCollectionViewFlowLayout.swift */; };
/* End PBXBuildFile section */

/* Begin PBXContainerItemProxy section */
		C44245A226AE771E0002055B /* PBXContainerItemProxy */ = {
			isa = PBXContainerItemProxy;
			containerPortal = C442458326AE77170002055B /* Project object */;
			proxyType = 1;
			remoteGlobalIDString = C442458A26AE77180002055B;
			remoteInfo = "Homer Memory Game";
		};
		C44245AD26AE771E0002055B /* PBXContainerItemProxy */ = {
			isa = PBXContainerItemProxy;
			containerPortal = C442458326AE77170002055B /* Project object */;
			proxyType = 1;
			remoteGlobalIDString = C442458A26AE77180002055B;
			remoteInfo = "Homer Memory Game";
		};
/* End PBXContainerItemProxy section */

/* Begin PBXFileReference section */
		C442458B26AE77180002055B /* Homer Memory Game.app */ = {isa = PBXFileReference; explicitFileType = wrapper.application; includeInIndex = 0; path = "Homer Memory Game.app"; sourceTree = BUILT_PRODUCTS_DIR; };
		C442458E26AE77180002055B /* AppDelegate.swift */ = {isa = PBXFileReference; lastKnownFileType = sourcecode.swift; path = AppDelegate.swift; sourceTree = "<group>"; };
		C442459026AE77180002055B /* SceneDelegate.swift */ = {isa = PBXFileReference; lastKnownFileType = sourcecode.swift; path = SceneDelegate.swift; sourceTree = "<group>"; };
		C442459526AE77180002055B /* Base */ = {isa = PBXFileReference; lastKnownFileType = file.storyboard; name = Base; path = Base.lproj/Main.storyboard; sourceTree = "<group>"; };
		C442459726AE771D0002055B /* Assets.xcassets */ = {isa = PBXFileReference; lastKnownFileType = folder.assetcatalog; path = Assets.xcassets; sourceTree = "<group>"; };
		C442459A26AE771D0002055B /* Base */ = {isa = PBXFileReference; lastKnownFileType = file.storyboard; name = Base; path = Base.lproj/LaunchScreen.storyboard; sourceTree = "<group>"; };
		C442459C26AE771D0002055B /* Info.plist */ = {isa = PBXFileReference; lastKnownFileType = text.plist.xml; path = Info.plist; sourceTree = "<group>"; };
		C44245A126AE771E0002055B /* Homer Memory GameTests.xctest */ = {isa = PBXFileReference; explicitFileType = wrapper.cfbundle; includeInIndex = 0; path = "Homer Memory GameTests.xctest"; sourceTree = BUILT_PRODUCTS_DIR; };
		C44245A526AE771E0002055B /* Homer_Memory_GameTests.swift */ = {isa = PBXFileReference; lastKnownFileType = sourcecode.swift; path = Homer_Memory_GameTests.swift; sourceTree = "<group>"; };
		C44245A726AE771E0002055B /* Info.plist */ = {isa = PBXFileReference; lastKnownFileType = text.plist.xml; path = Info.plist; sourceTree = "<group>"; };
		C44245AC26AE771E0002055B /* Homer Memory GameUITests.xctest */ = {isa = PBXFileReference; explicitFileType = wrapper.cfbundle; includeInIndex = 0; path = "Homer Memory GameUITests.xctest"; sourceTree = BUILT_PRODUCTS_DIR; };
		C44245B026AE771E0002055B /* Homer_Memory_GameUITests.swift */ = {isa = PBXFileReference; lastKnownFileType = sourcecode.swift; path = Homer_Memory_GameUITests.swift; sourceTree = "<group>"; };
		C44245B226AE771E0002055B /* Info.plist */ = {isa = PBXFileReference; lastKnownFileType = text.plist.xml; path = Info.plist; sourceTree = "<group>"; };
		C44245BE26AF0EB60002055B /* LobbyViewController.swift */ = {isa = PBXFileReference; lastKnownFileType = sourcecode.swift; path = LobbyViewController.swift; sourceTree = "<group>"; };
		C44245C426AF106B0002055B /* GridSize.swift */ = {isa = PBXFileReference; lastKnownFileType = sourcecode.swift; path = GridSize.swift; sourceTree = "<group>"; };
		C44245C626AF121F0002055B /* CardDeck.swift */ = {isa = PBXFileReference; lastKnownFileType = sourcecode.swift; path = CardDeck.swift; sourceTree = "<group>"; };
		C44245CA26AF18A30002055B /* CardData.swift */ = {isa = PBXFileReference; lastKnownFileType = sourcecode.swift; path = CardData.swift; sourceTree = "<group>"; };
		C44245CC26AF57B80002055B /* GameplayViewController.swift */ = {isa = PBXFileReference; lastKnownFileType = sourcecode.swift; name = GameplayViewController.swift; path = "Homer Memory Game/GameplayViewController.swift"; sourceTree = SOURCE_ROOT; };
		C44245CE26AF5AF50002055B /* GameplayCollectionViewCell.swift */ = {isa = PBXFileReference; lastKnownFileType = sourcecode.swift; path = GameplayCollectionViewCell.swift; sourceTree = "<group>"; };
		C44245D026AF5B5E0002055B /* GamePlayCollectionViewFlowLayout.swift */ = {isa = PBXFileReference; lastKnownFileType = sourcecode.swift; path = GamePlayCollectionViewFlowLayout.swift; sourceTree = "<group>"; };
		C44245D626B10D040002055B /* Whale.ttf */ = {isa = PBXFileReference; lastKnownFileType = file; path = Whale.ttf; sourceTree = "<group>"; };
/* End PBXFileReference section */

/* Begin PBXFrameworksBuildPhase section */
		C442458826AE77180002055B /* Frameworks */ = {
			isa = PBXFrameworksBuildPhase;
			buildActionMask = 2147483647;
			files = (
			);
			runOnlyForDeploymentPostprocessing = 0;
		};
		C442459E26AE771E0002055B /* Frameworks */ = {
			isa = PBXFrameworksBuildPhase;
			buildActionMask = 2147483647;
			files = (
			);
			runOnlyForDeploymentPostprocessing = 0;
		};
		C44245A926AE771E0002055B /* Frameworks */ = {
			isa = PBXFrameworksBuildPhase;
			buildActionMask = 2147483647;
			files = (
			);
			runOnlyForDeploymentPostprocessing = 0;
		};
/* End PBXFrameworksBuildPhase section */

/* Begin PBXGroup section */
		C442458226AE77170002055B = {
			isa = PBXGroup;
			children = (
				C442458D26AE77180002055B /* Homer Memory Game */,
				C44245D526B10CF60002055B /* Fonts */,
				C44245A426AE771E0002055B /* Homer Memory GameTests */,
				C44245AF26AE771E0002055B /* Homer Memory GameUITests */,
				C442458C26AE77180002055B /* Products */,
			);
			sourceTree = "<group>";
		};
		C442458C26AE77180002055B /* Products */ = {
			isa = PBXGroup;
			children = (
				C442458B26AE77180002055B /* Homer Memory Game.app */,
				C44245A126AE771E0002055B /* Homer Memory GameTests.xctest */,
				C44245AC26AE771E0002055B /* Homer Memory GameUITests.xctest */,
			);
			name = Products;
			sourceTree = "<group>";
		};
		C442458D26AE77180002055B /* Homer Memory Game */ = {
			isa = PBXGroup;
			children = (
				C442458E26AE77180002055B /* AppDelegate.swift */,
				C442459026AE77180002055B /* SceneDelegate.swift */,
				C44245C326AF0FFE0002055B /* Models */,
				C44245D226B086FA0002055B /* Views */,
				C44245C026AF0F310002055B /* Controllers */,
				C442459426AE77180002055B /* Main.storyboard */,
				C442459726AE771D0002055B /* Assets.xcassets */,
				C442459926AE771D0002055B /* LaunchScreen.storyboard */,
				C442459C26AE771D0002055B /* Info.plist */,
			);
			path = "Homer Memory Game";
			sourceTree = "<group>";
		};
		C44245A426AE771E0002055B /* Homer Memory GameTests */ = {
			isa = PBXGroup;
			children = (
				C44245A526AE771E0002055B /* Homer_Memory_GameTests.swift */,
				C44245A726AE771E0002055B /* Info.plist */,
			);
			path = "Homer Memory GameTests";
			sourceTree = "<group>";
		};
		C44245AF26AE771E0002055B /* Homer Memory GameUITests */ = {
			isa = PBXGroup;
			children = (
				C44245B026AE771E0002055B /* Homer_Memory_GameUITests.swift */,
				C44245B226AE771E0002055B /* Info.plist */,
			);
			path = "Homer Memory GameUITests";
			sourceTree = "<group>";
		};
		C44245C026AF0F310002055B /* Controllers */ = {
			isa = PBXGroup;
			children = (
				C44245CC26AF57B80002055B /* GameplayViewController.swift */,
				C44245BE26AF0EB60002055B /* LobbyViewController.swift */,
			);
			path = Controllers;
			sourceTree = "<group>";
		};
		C44245C326AF0FFE0002055B /* Models */ = {
			isa = PBXGroup;
			children = (
				C44245C426AF106B0002055B /* GridSize.swift */,
				C44245C626AF121F0002055B /* CardDeck.swift */,
				C44245CA26AF18A30002055B /* CardData.swift */,
			);
			path = Models;
			sourceTree = "<group>";
		};
		C44245D226B086FA0002055B /* Views */ = {
			isa = PBXGroup;
			children = (
				C44245CE26AF5AF50002055B /* GameplayCollectionViewCell.swift */,
				C44245D026AF5B5E0002055B /* GamePlayCollectionViewFlowLayout.swift */,
			);
			path = Views;
			sourceTree = "<group>";
		};
		C44245D526B10CF60002055B /* Fonts */ = {
			isa = PBXGroup;
			children = (
				C44245D626B10D040002055B /* Whale.ttf */,
			);
			path = Fonts;
			sourceTree = "<group>";
		};
/* End PBXGroup section */

/* Begin PBXNativeTarget section */
		C442458A26AE77180002055B /* Homer Memory Game */ = {
			isa = PBXNativeTarget;
			buildConfigurationList = C44245B526AE771E0002055B /* Build configuration list for PBXNativeTarget "Homer Memory Game" */;
			buildPhases = (
				C442458726AE77180002055B /* Sources */,
				C442458826AE77180002055B /* Frameworks */,
				C442458926AE77180002055B /* Resources */,
			);
			buildRules = (
			);
			dependencies = (
			);
			name = "Homer Memory Game";
			productName = "Homer Memory Game";
			productReference = C442458B26AE77180002055B /* Homer Memory Game.app */;
			productType = "com.apple.product-type.application";
		};
		C44245A026AE771E0002055B /* Homer Memory GameTests */ = {
			isa = PBXNativeTarget;
			buildConfigurationList = C44245B826AE771E0002055B /* Build configuration list for PBXNativeTarget "Homer Memory GameTests" */;
			buildPhases = (
				C442459D26AE771E0002055B /* Sources */,
				C442459E26AE771E0002055B /* Frameworks */,
				C442459F26AE771E0002055B /* Resources */,
			);
			buildRules = (
			);
			dependencies = (
				C44245A326AE771E0002055B /* PBXTargetDependency */,
			);
			name = "Homer Memory GameTests";
			productName = "Homer Memory GameTests";
			productReference = C44245A126AE771E0002055B /* Homer Memory GameTests.xctest */;
			productType = "com.apple.product-type.bundle.unit-test";
		};
		C44245AB26AE771E0002055B /* Homer Memory GameUITests */ = {
			isa = PBXNativeTarget;
			buildConfigurationList = C44245BB26AE771E0002055B /* Build configuration list for PBXNativeTarget "Homer Memory GameUITests" */;
			buildPhases = (
				C44245A826AE771E0002055B /* Sources */,
				C44245A926AE771E0002055B /* Frameworks */,
				C44245AA26AE771E0002055B /* Resources */,
			);
			buildRules = (
			);
			dependencies = (
				C44245AE26AE771E0002055B /* PBXTargetDependency */,
			);
			name = "Homer Memory GameUITests";
			productName = "Homer Memory GameUITests";
			productReference = C44245AC26AE771E0002055B /* Homer Memory GameUITests.xctest */;
			productType = "com.apple.product-type.bundle.ui-testing";
		};
/* End PBXNativeTarget section */

/* Begin PBXProject section */
		C442458326AE77170002055B /* Project object */ = {
			isa = PBXProject;
			attributes = {
				LastSwiftUpdateCheck = 1250;
				LastUpgradeCheck = 1250;
				TargetAttributes = {
					C442458A26AE77180002055B = {
						CreatedOnToolsVersion = 12.5.1;
					};
					C44245A026AE771E0002055B = {
						CreatedOnToolsVersion = 12.5.1;
						TestTargetID = C442458A26AE77180002055B;
					};
					C44245AB26AE771E0002055B = {
						CreatedOnToolsVersion = 12.5.1;
						TestTargetID = C442458A26AE77180002055B;
					};
				};
			};
			buildConfigurationList = C442458626AE77170002055B /* Build configuration list for PBXProject "Homer Memory Game" */;
			compatibilityVersion = "Xcode 9.3";
			developmentRegion = en;
			hasScannedForEncodings = 0;
			knownRegions = (
				en,
				Base,
			);
			mainGroup = C442458226AE77170002055B;
			productRefGroup = C442458C26AE77180002055B /* Products */;
			projectDirPath = "";
			projectRoot = "";
			targets = (
				C442458A26AE77180002055B /* Homer Memory Game */,
				C44245A026AE771E0002055B /* Homer Memory GameTests */,
				C44245AB26AE771E0002055B /* Homer Memory GameUITests */,
			);
		};
/* End PBXProject section */

/* Begin PBXResourcesBuildPhase section */
		C442458926AE77180002055B /* Resources */ = {
			isa = PBXResourcesBuildPhase;
			buildActionMask = 2147483647;
			files = (
				C442459B26AE771D0002055B /* LaunchScreen.storyboard in Resources */,
				C442459826AE771D0002055B /* Assets.xcassets in Resources */,
				C442459626AE77180002055B /* Main.storyboard in Resources */,
			);
			runOnlyForDeploymentPostprocessing = 0;
		};
		C442459F26AE771E0002055B /* Resources */ = {
			isa = PBXResourcesBuildPhase;
			buildActionMask = 2147483647;
			files = (
			);
			runOnlyForDeploymentPostprocessing = 0;
		};
		C44245AA26AE771E0002055B /* Resources */ = {
			isa = PBXResourcesBuildPhase;
			buildActionMask = 2147483647;
			files = (
			);
			runOnlyForDeploymentPostprocessing = 0;
		};
/* End PBXResourcesBuildPhase section */

/* Begin PBXSourcesBuildPhase section */
		C442458726AE77180002055B /* Sources */ = {
			isa = PBXSourcesBuildPhase;
			buildActionMask = 2147483647;
			files = (
				C44245CD26AF57B80002055B /* GameplayViewController.swift in Sources */,
				C442458F26AE77180002055B /* AppDelegate.swift in Sources */,
				C44245C726AF121F0002055B /* CardDeck.swift in Sources */,
				C442459126AE77180002055B /* SceneDelegate.swift in Sources */,
				C44245CF26AF5AF50002055B /* GameplayCollectionViewCell.swift in Sources */,
				C44245CB26AF18A30002055B /* CardData.swift in Sources */,
				C44245C526AF106B0002055B /* GridSize.swift in Sources */,
				C44245D126AF5B5E0002055B /* GamePlayCollectionViewFlowLayout.swift in Sources */,
				C44245BF26AF0EB60002055B /* LobbyViewController.swift in Sources */,
			);
			runOnlyForDeploymentPostprocessing = 0;
		};
		C442459D26AE771E0002055B /* Sources */ = {
			isa = PBXSourcesBuildPhase;
			buildActionMask = 2147483647;
			files = (
				C44245A626AE771E0002055B /* Homer_Memory_GameTests.swift in Sources */,
			);
			runOnlyForDeploymentPostprocessing = 0;
		};
		C44245A826AE771E0002055B /* Sources */ = {
			isa = PBXSourcesBuildPhase;
			buildActionMask = 2147483647;
			files = (
				C44245B126AE771E0002055B /* Homer_Memory_GameUITests.swift in Sources */,
			);
			runOnlyForDeploymentPostprocessing = 0;
		};
/* End PBXSourcesBuildPhase section */

/* Begin PBXTargetDependency section */
		C44245A326AE771E0002055B /* PBXTargetDependency */ = {
			isa = PBXTargetDependency;
			target = C442458A26AE77180002055B /* Homer Memory Game */;
			targetProxy = C44245A226AE771E0002055B /* PBXContainerItemProxy */;
		};
		C44245AE26AE771E0002055B /* PBXTargetDependency */ = {
			isa = PBXTargetDependency;
			target = C442458A26AE77180002055B /* Homer Memory Game */;
			targetProxy = C44245AD26AE771E0002055B /* PBXContainerItemProxy */;
		};
/* End PBXTargetDependency section */

/* Begin PBXVariantGroup section */
		C442459426AE77180002055B /* Main.storyboard */ = {
			isa = PBXVariantGroup;
			children = (
				C442459526AE77180002055B /* Base */,
			);
			name = Main.storyboard;
			sourceTree = "<group>";
		};
		C442459926AE771D0002055B /* LaunchScreen.storyboard */ = {
			isa = PBXVariantGroup;
			children = (
				C442459A26AE771D0002055B /* Base */,
			);
			name = LaunchScreen.storyboard;
			sourceTree = "<group>";
		};
/* End PBXVariantGroup section */

/* Begin XCBuildConfiguration section */
		C44245B326AE771E0002055B /* Debug */ = {
			isa = XCBuildConfiguration;
			buildSettings = {
				ALWAYS_SEARCH_USER_PATHS = NO;
				CLANG_ANALYZER_NONNULL = YES;
				CLANG_ANALYZER_NUMBER_OBJECT_CONVERSION = YES_AGGRESSIVE;
				CLANG_CXX_LANGUAGE_STANDARD = "gnu++14";
				CLANG_CXX_LIBRARY = "libc++";
				CLANG_ENABLE_MODULES = YES;
				CLANG_ENABLE_OBJC_ARC = YES;
				CLANG_ENABLE_OBJC_WEAK = YES;
				CLANG_WARN_BLOCK_CAPTURE_AUTORELEASING = YES;
				CLANG_WARN_BOOL_CONVERSION = YES;
				CLANG_WARN_COMMA = YES;
				CLANG_WARN_CONSTANT_CONVERSION = YES;
				CLANG_WARN_DEPRECATED_OBJC_IMPLEMENTATIONS = YES;
				CLANG_WARN_DIRECT_OBJC_ISA_USAGE = YES_ERROR;
				CLANG_WARN_DOCUMENTATION_COMMENTS = YES;
				CLANG_WARN_EMPTY_BODY = YES;
				CLANG_WARN_ENUM_CONVERSION = YES;
				CLANG_WARN_INFINITE_RECURSION = YES;
				CLANG_WARN_INT_CONVERSION = YES;
				CLANG_WARN_NON_LITERAL_NULL_CONVERSION = YES;
				CLANG_WARN_OBJC_IMPLICIT_RETAIN_SELF = YES;
				CLANG_WARN_OBJC_LITERAL_CONVERSION = YES;
				CLANG_WARN_OBJC_ROOT_CLASS = YES_ERROR;
				CLANG_WARN_QUOTED_INCLUDE_IN_FRAMEWORK_HEADER = YES;
				CLANG_WARN_RANGE_LOOP_ANALYSIS = YES;
				CLANG_WARN_STRICT_PROTOTYPES = YES;
				CLANG_WARN_SUSPICIOUS_MOVE = YES;
				CLANG_WARN_UNGUARDED_AVAILABILITY = YES_AGGRESSIVE;
				CLANG_WARN_UNREACHABLE_CODE = YES;
				CLANG_WARN__DUPLICATE_METHOD_MATCH = YES;
				COPY_PHASE_STRIP = NO;
				DEBUG_INFORMATION_FORMAT = dwarf;
				ENABLE_STRICT_OBJC_MSGSEND = YES;
				ENABLE_TESTABILITY = YES;
				GCC_C_LANGUAGE_STANDARD = gnu11;
				GCC_DYNAMIC_NO_PIC = NO;
				GCC_NO_COMMON_BLOCKS = YES;
				GCC_OPTIMIZATION_LEVEL = 0;
				GCC_PREPROCESSOR_DEFINITIONS = (
					"DEBUG=1",
					"$(inherited)",
				);
				GCC_WARN_64_TO_32_BIT_CONVERSION = YES;
				GCC_WARN_ABOUT_RETURN_TYPE = YES_ERROR;
				GCC_WARN_UNDECLARED_SELECTOR = YES;
				GCC_WARN_UNINITIALIZED_AUTOS = YES_AGGRESSIVE;
				GCC_WARN_UNUSED_FUNCTION = YES;
				GCC_WARN_UNUSED_VARIABLE = YES;
				IPHONEOS_DEPLOYMENT_TARGET = 14.5;
				MTL_ENABLE_DEBUG_INFO = INCLUDE_SOURCE;
				MTL_FAST_MATH = YES;
				ONLY_ACTIVE_ARCH = YES;
				SDKROOT = iphoneos;
				SWIFT_ACTIVE_COMPILATION_CONDITIONS = DEBUG;
				SWIFT_OPTIMIZATION_LEVEL = "-Onone";
			};
			name = Debug;
		};
		C44245B426AE771E0002055B /* Release */ = {
			isa = XCBuildConfiguration;
			buildSettings = {
				ALWAYS_SEARCH_USER_PATHS = NO;
				CLANG_ANALYZER_NONNULL = YES;
				CLANG_ANALYZER_NUMBER_OBJECT_CONVERSION = YES_AGGRESSIVE;
				CLANG_CXX_LANGUAGE_STANDARD = "gnu++14";
				CLANG_CXX_LIBRARY = "libc++";
				CLANG_ENABLE_MODULES = YES;
				CLANG_ENABLE_OBJC_ARC = YES;
				CLANG_ENABLE_OBJC_WEAK = YES;
				CLANG_WARN_BLOCK_CAPTURE_AUTORELEASING = YES;
				CLANG_WARN_BOOL_CONVERSION = YES;
				CLANG_WARN_COMMA = YES;
				CLANG_WARN_CONSTANT_CONVERSION = YES;
				CLANG_WARN_DEPRECATED_OBJC_IMPLEMENTATIONS = YES;
				CLANG_WARN_DIRECT_OBJC_ISA_USAGE = YES_ERROR;
				CLANG_WARN_DOCUMENTATION_COMMENTS = YES;
				CLANG_WARN_EMPTY_BODY = YES;
				CLANG_WARN_ENUM_CONVERSION = YES;
				CLANG_WARN_INFINITE_RECURSION = YES;
				CLANG_WARN_INT_CONVERSION = YES;
				CLANG_WARN_NON_LITERAL_NULL_CONVERSION = YES;
				CLANG_WARN_OBJC_IMPLICIT_RETAIN_SELF = YES;
				CLANG_WARN_OBJC_LITERAL_CONVERSION = YES;
				CLANG_WARN_OBJC_ROOT_CLASS = YES_ERROR;
				CLANG_WARN_QUOTED_INCLUDE_IN_FRAMEWORK_HEADER = YES;
				CLANG_WARN_RANGE_LOOP_ANALYSIS = YES;
				CLANG_WARN_STRICT_PROTOTYPES = YES;
				CLANG_WARN_SUSPICIOUS_MOVE = YES;
				CLANG_WARN_UNGUARDED_AVAILABILITY = YES_AGGRESSIVE;
				CLANG_WARN_UNREACHABLE_CODE = YES;
				CLANG_WARN__DUPLICATE_METHOD_MATCH = YES;
				COPY_PHASE_STRIP = NO;
				DEBUG_INFORMATION_FORMAT = "dwarf-with-dsym";
				ENABLE_NS_ASSERTIONS = NO;
				ENABLE_STRICT_OBJC_MSGSEND = YES;
				GCC_C_LANGUAGE_STANDARD = gnu11;
				GCC_NO_COMMON_BLOCKS = YES;
				GCC_WARN_64_TO_32_BIT_CONVERSION = YES;
				GCC_WARN_ABOUT_RETURN_TYPE = YES_ERROR;
				GCC_WARN_UNDECLARED_SELECTOR = YES;
				GCC_WARN_UNINITIALIZED_AUTOS = YES_AGGRESSIVE;
				GCC_WARN_UNUSED_FUNCTION = YES;
				GCC_WARN_UNUSED_VARIABLE = YES;
				IPHONEOS_DEPLOYMENT_TARGET = 14.5;
				MTL_ENABLE_DEBUG_INFO = NO;
				MTL_FAST_MATH = YES;
				SDKROOT = iphoneos;
				SWIFT_COMPILATION_MODE = wholemodule;
				SWIFT_OPTIMIZATION_LEVEL = "-O";
				VALIDATE_PRODUCT = YES;
			};
			name = Release;
		};
		C44245B626AE771E0002055B /* Debug */ = {
			isa = XCBuildConfiguration;
			buildSettings = {
				ASSETCATALOG_COMPILER_APPICON_NAME = AppIcon;
				ASSETCATALOG_COMPILER_GLOBAL_ACCENT_COLOR_NAME = AccentColor;
				CODE_SIGN_STYLE = Automatic;
				DEVELOPMENT_TEAM = 448DH4896G;
				INFOPLIST_FILE = "Homer Memory Game/Info.plist";
				LD_RUNPATH_SEARCH_PATHS = (
					"$(inherited)",
					"@executable_path/Frameworks",
				);
				PRODUCT_BUNDLE_IDENTIFIER = "student.Homer-Memory-Game";
				PRODUCT_NAME = "$(TARGET_NAME)";
				SWIFT_VERSION = 5.0;
				TARGETED_DEVICE_FAMILY = "1,2";
			};
			name = Debug;
		};
		C44245B726AE771E0002055B /* Release */ = {
			isa = XCBuildConfiguration;
			buildSettings = {
				ASSETCATALOG_COMPILER_APPICON_NAME = AppIcon;
				ASSETCATALOG_COMPILER_GLOBAL_ACCENT_COLOR_NAME = AccentColor;
				CODE_SIGN_STYLE = Automatic;
				DEVELOPMENT_TEAM = 448DH4896G;
				INFOPLIST_FILE = "Homer Memory Game/Info.plist";
				LD_RUNPATH_SEARCH_PATHS = (
					"$(inherited)",
					"@executable_path/Frameworks",
				);
				PRODUCT_BUNDLE_IDENTIFIER = "student.Homer-Memory-Game";
				PRODUCT_NAME = "$(TARGET_NAME)";
				SWIFT_VERSION = 5.0;
				TARGETED_DEVICE_FAMILY = "1,2";
			};
			name = Release;
		};
		C44245B926AE771E0002055B /* Debug */ = {
			isa = XCBuildConfiguration;
			buildSettings = {
				ALWAYS_EMBED_SWIFT_STANDARD_LIBRARIES = YES;
				BUNDLE_LOADER = "$(TEST_HOST)";
				CODE_SIGN_STYLE = Automatic;
				DEVELOPMENT_TEAM = 448DH4896G;
				INFOPLIST_FILE = "Homer Memory GameTests/Info.plist";
				IPHONEOS_DEPLOYMENT_TARGET = 14.5;
				LD_RUNPATH_SEARCH_PATHS = (
					"$(inherited)",
					"@executable_path/Frameworks",
					"@loader_path/Frameworks",
				);
				PRODUCT_BUNDLE_IDENTIFIER = "student.Homer-Memory-GameTests";
				PRODUCT_NAME = "$(TARGET_NAME)";
				SWIFT_VERSION = 5.0;
				TARGETED_DEVICE_FAMILY = "1,2";
				TEST_HOST = "$(BUILT_PRODUCTS_DIR)/Homer Memory Game.app/Homer Memory Game";
			};
			name = Debug;
		};
		C44245BA26AE771E0002055B /* Release */ = {
			isa = XCBuildConfiguration;
			buildSettings = {
				ALWAYS_EMBED_SWIFT_STANDARD_LIBRARIES = YES;
				BUNDLE_LOADER = "$(TEST_HOST)";
				CODE_SIGN_STYLE = Automatic;
				DEVELOPMENT_TEAM = 448DH4896G;
				INFOPLIST_FILE = "Homer Memory GameTests/Info.plist";
				IPHONEOS_DEPLOYMENT_TARGET = 14.5;
				LD_RUNPATH_SEARCH_PATHS = (
					"$(inherited)",
					"@executable_path/Frameworks",
					"@loader_path/Frameworks",
				);
				PRODUCT_BUNDLE_IDENTIFIER = "student.Homer-Memory-GameTests";
				PRODUCT_NAME = "$(TARGET_NAME)";
				SWIFT_VERSION = 5.0;
				TARGETED_DEVICE_FAMILY = "1,2";
				TEST_HOST = "$(BUILT_PRODUCTS_DIR)/Homer Memory Game.app/Homer Memory Game";
			};
			name = Release;
		};
		C44245BC26AE771E0002055B /* Debug */ = {
			isa = XCBuildConfiguration;
			buildSettings = {
				ALWAYS_EMBED_SWIFT_STANDARD_LIBRARIES = YES;
				CODE_SIGN_STYLE = Automatic;
				DEVELOPMENT_TEAM = 448DH4896G;
				INFOPLIST_FILE = "Homer Memory GameUITests/Info.plist";
				LD_RUNPATH_SEARCH_PATHS = (
					"$(inherited)",
					"@executable_path/Frameworks",
					"@loader_path/Frameworks",
				);
				PRODUCT_BUNDLE_IDENTIFIER = "student.Homer-Memory-GameUITests";
				PRODUCT_NAME = "$(TARGET_NAME)";
				SWIFT_VERSION = 5.0;
				TARGETED_DEVICE_FAMILY = "1,2";
				TEST_TARGET_NAME = "Homer Memory Game";
			};
			name = Debug;
		};
		C44245BD26AE771E0002055B /* Release */ = {
			isa = XCBuildConfiguration;
			buildSettings = {
				ALWAYS_EMBED_SWIFT_STANDARD_LIBRARIES = YES;
				CODE_SIGN_STYLE = Automatic;
				DEVELOPMENT_TEAM = 448DH4896G;
				INFOPLIST_FILE = "Homer Memory GameUITests/Info.plist";
				LD_RUNPATH_SEARCH_PATHS = (
					"$(inherited)",
					"@executable_path/Frameworks",
					"@loader_path/Frameworks",
				);
				PRODUCT_BUNDLE_IDENTIFIER = "student.Homer-Memory-GameUITests";
				PRODUCT_NAME = "$(TARGET_NAME)";
				SWIFT_VERSION = 5.0;
				TARGETED_DEVICE_FAMILY = "1,2";
				TEST_TARGET_NAME = "Homer Memory Game";
			};
			name = Release;
		};
/* End XCBuildConfiguration section */

/* Begin XCConfigurationList section */
		C442458626AE77170002055B /* Build configuration list for PBXProject "Homer Memory Game" */ = {
			isa = XCConfigurationList;
			buildConfigurations = (
				C44245B326AE771E0002055B /* Debug */,
				C44245B426AE771E0002055B /* Release */,
			);
			defaultConfigurationIsVisible = 0;
			defaultConfigurationName = Release;
		};
		C44245B526AE771E0002055B /* Build configuration list for PBXNativeTarget "Homer Memory Game" */ = {
			isa = XCConfigurationList;
			buildConfigurations = (
				C44245B626AE771E0002055B /* Debug */,
				C44245B726AE771E0002055B /* Release */,
			);
			defaultConfigurationIsVisible = 0;
			defaultConfigurationName = Release;
		};
		C44245B826AE771E0002055B /* Build configuration list for PBXNativeTarget "Homer Memory GameTests" */ = {
			isa = XCConfigurationList;
			buildConfigurations = (
				C44245B926AE771E0002055B /* Debug */,
				C44245BA26AE771E0002055B /* Release */,
			);
			defaultConfigurationIsVisible = 0;
			defaultConfigurationName = Release;
		};
		C44245BB26AE771E0002055B /* Build configuration list for PBXNativeTarget "Homer Memory GameUITests" */ = {
			isa = XCConfigurationList;
			buildConfigurations = (
				C44245BC26AE771E0002055B /* Debug */,
				C44245BD26AE771E0002055B /* Release */,
			);
			defaultConfigurationIsVisible = 0;
			defaultConfigurationName = Release;
		};
/* End XCConfigurationList section */
	};
	rootObject = C442458326AE77170002055B /* Project object */;
}
